
Microsoft Visual Studio Solution File, Format Version 12.00
# Visual Studio Version 16
VisualStudioVersion = 16.0.28803.352
MinimumVisualStudioVersion = 10.0.40219.1
Project("{FAE04EC0-301F-11D3-BF4B-00C04F79EFBC}") = "shopASP", "shopASP\shopASP.csproj", "{009D5C63-D9F6-496C-B08B-8B17CAD8F203}"
EndProject
Global
	GlobalSection(SolutionConfigurationPlatforms) = preSolution
		Debug|Any CPU = Debug|Any CPU
		Release|Any CPU = Release|Any CPU
	EndGlobalSection
	GlobalSection(ProjectConfigurationPlatforms) = postSolution
		{009D5C63-D9F6-496C-B08B-8B17CAD8F203}.Debug|Any CPU.ActiveCfg = Debug|Any CPU
		{009D5C63-D9F6-496C-B08B-8B17CAD8F203}.Debug|Any CPU.Build.0 = Debug|Any CPU
		{009D5C63-D9F6-496C-B08B-8B17CAD8F203}.Release|Any CPU.ActiveCfg = Release|Any CPU
		{009D5C63-D9F6-496C-B08B-8B17CAD8F203}.Release|Any CPU.Build.0 = Release|Any CPU
	EndGlobalSection
	GlobalSection(SolutionProperties) = preSolution
		HideSolutionNode = FALSE
	EndGlobalSection
	GlobalSection(ExtensibilityGlobals) = postSolution
		SolutionGuid = {35807EAA-6F2B-4E8B-B71D-D47727F4B6C1}
	EndGlobalSection
EndGlobal
